// !$*UTF8*$!
{
	archiveVersion = 1;
	classes = {
	};
	objectVersion = 48;
	objects = {

/* Begin PBXBuildFile section */
		B1507A422026ABC8000AD2D0 /* EventingLibrary.framework in Frameworks */ = {isa = PBXBuildFile; fileRef = B1507A382026ABC8000AD2D0 /* EventingLibrary.framework */; };
		B1507A472026ABC8000AD2D0 /* EventTests.swift in Sources */ = {isa = PBXBuildFile; fileRef = B1507A462026ABC8000AD2D0 /* EventTests.swift */; };
		B1507A492026ABC8000AD2D0 /* EventingLibrary.h in Headers */ = {isa = PBXBuildFile; fileRef = B1507A3B2026ABC8000AD2D0 /* EventingLibrary.h */; settings = {ATTRIBUTES = (Public, ); }; };
		B1507A532026B132000AD2D0 /* Event.swift in Sources */ = {isa = PBXBuildFile; fileRef = B1507A522026B132000AD2D0 /* Event.swift */; };
		B1507A572026BE64000AD2D0 /* Notifier.swift in Sources */ = {isa = PBXBuildFile; fileRef = B1507A562026BE64000AD2D0 /* Notifier.swift */; };
		B1507A592026C02F000AD2D0 /* Disposable.swift in Sources */ = {isa = PBXBuildFile; fileRef = B1507A582026C02F000AD2D0 /* Disposable.swift */; };
		B1507A5B2026C1F2000AD2D0 /* DisposableTests.swift in Sources */ = {isa = PBXBuildFile; fileRef = B1507A5A2026C1F2000AD2D0 /* DisposableTests.swift */; };
		B1507A5D2026C34E000AD2D0 /* NotifierTests.swift in Sources */ = {isa = PBXBuildFile; fileRef = B1507A5C2026C34E000AD2D0 /* NotifierTests.swift */; };
		B1507A602026C918000AD2D0 /* LICENSE.md in Resources */ = {isa = PBXBuildFile; fileRef = B1507A5F2026C918000AD2D0 /* LICENSE.md */; };
		B1507A6220275ADF000AD2D0 /* Subscriber.swift in Sources */ = {isa = PBXBuildFile; fileRef = B1507A6120275ADF000AD2D0 /* Subscriber.swift */; };
		B16CC9252051EA47008410F0 /* DistinctSubscriber.swift in Sources */ = {isa = PBXBuildFile; fileRef = B16CC9242051EA47008410F0 /* DistinctSubscriber.swift */; };
		B17E03C52072A3A000C6B1E7 /* Observable.swift in Sources */ = {isa = PBXBuildFile; fileRef = B17E03C42072A3A000C6B1E7 /* Observable.swift */; };
		B17E03C72072A58400C6B1E7 /* ObservableTests.swift in Sources */ = {isa = PBXBuildFile; fileRef = B17E03C62072A58400C6B1E7 /* ObservableTests.swift */; };
		B17E03CA2072A74100C6B1E7 /* Observable+Map.swift in Sources */ = {isa = PBXBuildFile; fileRef = B17E03C92072A74100C6B1E7 /* Observable+Map.swift */; };
		B17E03CC2072A74700C6B1E7 /* Observable+Merge.swift in Sources */ = {isa = PBXBuildFile; fileRef = B17E03CB2072A74700C6B1E7 /* Observable+Merge.swift */; };
		B17E03CE2072A74D00C6B1E7 /* Observable+Combine.swift in Sources */ = {isa = PBXBuildFile; fileRef = B17E03CD2072A74D00C6B1E7 /* Observable+Combine.swift */; };
		B17E03D12072BB5A00C6B1E7 /* Observable+Filter.swift in Sources */ = {isa = PBXBuildFile; fileRef = B17E03D02072BB5A00C6B1E7 /* Observable+Filter.swift */; };
		B187DAAE204E319D00F1E240 /* IndefiniteSubscriber.swift in Sources */ = {isa = PBXBuildFile; fileRef = B187DAAD204E319D00F1E240 /* IndefiniteSubscriber.swift */; };
		B187DAB0204E31AD00F1E240 /* SingleSubscriber.swift in Sources */ = {isa = PBXBuildFile; fileRef = B187DAAF204E31AD00F1E240 /* SingleSubscriber.swift */; };
		B1A144E4208E8076006FEF39 /* DisposeBag.swift in Sources */ = {isa = PBXBuildFile; fileRef = B1A144E3208E8076006FEF39 /* DisposeBag.swift */; };
		B1A144E9208E858B006FEF39 /* Observable+Debug.swift in Sources */ = {isa = PBXBuildFile; fileRef = B1A144E8208E858B006FEF39 /* Observable+Debug.swift */; };
		B1E49C9720893B33005BE45A /* ColdSubscriber.swift in Sources */ = {isa = PBXBuildFile; fileRef = B1E49C9620893B33005BE45A /* ColdSubscriber.swift */; };
		B1E49C9920899BFC005BE45A /* CleanupSubscriber.swift in Sources */ = {isa = PBXBuildFile; fileRef = B1E49C9820899BFC005BE45A /* CleanupSubscriber.swift */; };
		B1E49C9B20899D45005BE45A /* DisposableAction.swift in Sources */ = {isa = PBXBuildFile; fileRef = B1E49C9A20899D45005BE45A /* DisposableAction.swift */; };
		B1F13F1A2149B14100B76711 /* Observable+Throttle.swift in Sources */ = {isa = PBXBuildFile; fileRef = B1F13F192149B14100B76711 /* Observable+Throttle.swift */; };
/* End PBXBuildFile section */

/* Begin PBXContainerItemProxy section */
		B1507A432026ABC8000AD2D0 /* PBXContainerItemProxy */ = {
			isa = PBXContainerItemProxy;
			containerPortal = B1507A2F2026ABC8000AD2D0 /* Project object */;
			proxyType = 1;
			remoteGlobalIDString = B1507A372026ABC8000AD2D0;
			remoteInfo = EventingLibrary;
		};
/* End PBXContainerItemProxy section */

/* Begin PBXFileReference section */
		B1507A382026ABC8000AD2D0 /* EventingLibrary.framework */ = {isa = PBXFileReference; explicitFileType = wrapper.framework; includeInIndex = 0; path = EventingLibrary.framework; sourceTree = BUILT_PRODUCTS_DIR; };
		B1507A3B2026ABC8000AD2D0 /* EventingLibrary.h */ = {isa = PBXFileReference; lastKnownFileType = sourcecode.c.h; path = EventingLibrary.h; sourceTree = "<group>"; };
		B1507A3C2026ABC8000AD2D0 /* Info.plist */ = {isa = PBXFileReference; lastKnownFileType = text.plist.xml; path = Info.plist; sourceTree = "<group>"; };
		B1507A412026ABC8000AD2D0 /* EventingLibraryTests.xctest */ = {isa = PBXFileReference; explicitFileType = wrapper.cfbundle; includeInIndex = 0; path = EventingLibraryTests.xctest; sourceTree = BUILT_PRODUCTS_DIR; };
		B1507A462026ABC8000AD2D0 /* EventTests.swift */ = {isa = PBXFileReference; lastKnownFileType = sourcecode.swift; path = EventTests.swift; sourceTree = "<group>"; };
		B1507A482026ABC8000AD2D0 /* Info.plist */ = {isa = PBXFileReference; lastKnownFileType = text.plist.xml; path = Info.plist; sourceTree = "<group>"; };
		B1507A522026B132000AD2D0 /* Event.swift */ = {isa = PBXFileReference; lastKnownFileType = sourcecode.swift; path = Event.swift; sourceTree = "<group>"; };
		B1507A562026BE64000AD2D0 /* Notifier.swift */ = {isa = PBXFileReference; lastKnownFileType = sourcecode.swift; path = Notifier.swift; sourceTree = "<group>"; };
		B1507A582026C02F000AD2D0 /* Disposable.swift */ = {isa = PBXFileReference; lastKnownFileType = sourcecode.swift; path = Disposable.swift; sourceTree = "<group>"; };
		B1507A5A2026C1F2000AD2D0 /* DisposableTests.swift */ = {isa = PBXFileReference; lastKnownFileType = sourcecode.swift; path = DisposableTests.swift; sourceTree = "<group>"; };
		B1507A5C2026C34E000AD2D0 /* NotifierTests.swift */ = {isa = PBXFileReference; lastKnownFileType = sourcecode.swift; path = NotifierTests.swift; sourceTree = "<group>"; };
		B1507A5E2026C4D4000AD2D0 /* README.md */ = {isa = PBXFileReference; lastKnownFileType = net.daringfireball.markdown; path = README.md; sourceTree = "<group>"; };
		B1507A5F2026C918000AD2D0 /* LICENSE.md */ = {isa = PBXFileReference; fileEncoding = 4; lastKnownFileType = net.daringfireball.markdown; path = LICENSE.md; sourceTree = "<group>"; };
		B1507A6120275ADF000AD2D0 /* Subscriber.swift */ = {isa = PBXFileReference; lastKnownFileType = sourcecode.swift; path = Subscriber.swift; sourceTree = "<group>"; };
		B16CC9242051EA47008410F0 /* DistinctSubscriber.swift */ = {isa = PBXFileReference; lastKnownFileType = sourcecode.swift; path = DistinctSubscriber.swift; sourceTree = "<group>"; };
		B17E03C42072A3A000C6B1E7 /* Observable.swift */ = {isa = PBXFileReference; lastKnownFileType = sourcecode.swift; path = Observable.swift; sourceTree = "<group>"; };
		B17E03C62072A58400C6B1E7 /* ObservableTests.swift */ = {isa = PBXFileReference; lastKnownFileType = sourcecode.swift; path = ObservableTests.swift; sourceTree = "<group>"; };
		B17E03C92072A74100C6B1E7 /* Observable+Map.swift */ = {isa = PBXFileReference; lastKnownFileType = sourcecode.swift; path = "Observable+Map.swift"; sourceTree = "<group>"; };
		B17E03CB2072A74700C6B1E7 /* Observable+Merge.swift */ = {isa = PBXFileReference; lastKnownFileType = sourcecode.swift; path = "Observable+Merge.swift"; sourceTree = "<group>"; };
		B17E03CD2072A74D00C6B1E7 /* Observable+Combine.swift */ = {isa = PBXFileReference; lastKnownFileType = sourcecode.swift; path = "Observable+Combine.swift"; sourceTree = "<group>"; };
		B17E03D02072BB5A00C6B1E7 /* Observable+Filter.swift */ = {isa = PBXFileReference; lastKnownFileType = sourcecode.swift; path = "Observable+Filter.swift"; sourceTree = "<group>"; };
		B187DAAD204E319D00F1E240 /* IndefiniteSubscriber.swift */ = {isa = PBXFileReference; lastKnownFileType = sourcecode.swift; path = IndefiniteSubscriber.swift; sourceTree = "<group>"; };
		B187DAAF204E31AD00F1E240 /* SingleSubscriber.swift */ = {isa = PBXFileReference; lastKnownFileType = sourcecode.swift; path = SingleSubscriber.swift; sourceTree = "<group>"; };
		B1A144E3208E8076006FEF39 /* DisposeBag.swift */ = {isa = PBXFileReference; lastKnownFileType = sourcecode.swift; path = DisposeBag.swift; sourceTree = "<group>"; };
		B1A144E8208E858B006FEF39 /* Observable+Debug.swift */ = {isa = PBXFileReference; lastKnownFileType = sourcecode.swift; path = "Observable+Debug.swift"; sourceTree = "<group>"; };
		B1E49C9620893B33005BE45A /* ColdSubscriber.swift */ = {isa = PBXFileReference; lastKnownFileType = sourcecode.swift; path = ColdSubscriber.swift; sourceTree = "<group>"; };
		B1E49C9820899BFC005BE45A /* CleanupSubscriber.swift */ = {isa = PBXFileReference; lastKnownFileType = sourcecode.swift; path = CleanupSubscriber.swift; sourceTree = "<group>"; };
		B1E49C9A20899D45005BE45A /* DisposableAction.swift */ = {isa = PBXFileReference; lastKnownFileType = sourcecode.swift; path = DisposableAction.swift; sourceTree = "<group>"; };
		B1F13F192149B14100B76711 /* Observable+Throttle.swift */ = {isa = PBXFileReference; lastKnownFileType = sourcecode.swift; path = "Observable+Throttle.swift"; sourceTree = "<group>"; };
/* End PBXFileReference section */

/* Begin PBXFrameworksBuildPhase section */
		B1507A342026ABC8000AD2D0 /* Frameworks */ = {
			isa = PBXFrameworksBuildPhase;
			buildActionMask = 2147483647;
			files = (
			);
			runOnlyForDeploymentPostprocessing = 0;
		};
		B1507A3E2026ABC8000AD2D0 /* Frameworks */ = {
			isa = PBXFrameworksBuildPhase;
			buildActionMask = 2147483647;
			files = (
				B1507A422026ABC8000AD2D0 /* EventingLibrary.framework in Frameworks */,
			);
			runOnlyForDeploymentPostprocessing = 0;
		};
/* End PBXFrameworksBuildPhase section */

/* Begin PBXGroup section */
		B1507A2E2026ABC8000AD2D0 = {
			isa = PBXGroup;
			children = (
				B1507A5F2026C918000AD2D0 /* LICENSE.md */,
				B1507A5E2026C4D4000AD2D0 /* README.md */,
				B1507A3A2026ABC8000AD2D0 /* EventingLibrary */,
				B1507A452026ABC8000AD2D0 /* EventingLibraryTests */,
				B1507A392026ABC8000AD2D0 /* Products */,
			);
			sourceTree = "<group>";
		};
		B1507A392026ABC8000AD2D0 /* Products */ = {
			isa = PBXGroup;
			children = (
				B1507A382026ABC8000AD2D0 /* EventingLibrary.framework */,
				B1507A412026ABC8000AD2D0 /* EventingLibraryTests.xctest */,
			);
			name = Products;
			sourceTree = "<group>";
		};
		B1507A3A2026ABC8000AD2D0 /* EventingLibrary */ = {
			isa = PBXGroup;
			children = (
				B1507A3B2026ABC8000AD2D0 /* EventingLibrary.h */,
				B1507A3C2026ABC8000AD2D0 /* Info.plist */,
				B1507A582026C02F000AD2D0 /* Disposable.swift */,
				B1A144E5208E807A006FEF39 /* Disposables */,
				B1507A6120275ADF000AD2D0 /* Subscriber.swift */,
				B187DAAA204E317100F1E240 /* Subscribers */,
				B17E03C42072A3A000C6B1E7 /* Observable.swift */,
				B17E03C82072A73300C6B1E7 /* Observable */,
				B1507A522026B132000AD2D0 /* Event.swift */,
				B1507A562026BE64000AD2D0 /* Notifier.swift */,
			);
			path = EventingLibrary;
			sourceTree = "<group>";
		};
		B1507A452026ABC8000AD2D0 /* EventingLibraryTests */ = {
			isa = PBXGroup;
			children = (
				B1507A462026ABC8000AD2D0 /* EventTests.swift */,
				B17E03C62072A58400C6B1E7 /* ObservableTests.swift */,
				B1507A5C2026C34E000AD2D0 /* NotifierTests.swift */,
				B1507A5A2026C1F2000AD2D0 /* DisposableTests.swift */,
				B1507A482026ABC8000AD2D0 /* Info.plist */,
			);
			path = EventingLibraryTests;
			sourceTree = "<group>";
		};
		B17E03C82072A73300C6B1E7 /* Observable */ = {
			isa = PBXGroup;
			children = (
				B17E03CD2072A74D00C6B1E7 /* Observable+Combine.swift */,
				B17E03D02072BB5A00C6B1E7 /* Observable+Filter.swift */,
				B17E03C92072A74100C6B1E7 /* Observable+Map.swift */,
				B17E03CB2072A74700C6B1E7 /* Observable+Merge.swift */,
				B1A144E8208E858B006FEF39 /* Observable+Debug.swift */,
				B1F13F192149B14100B76711 /* Observable+Throttle.swift */,
			);
			name = Observable;
			sourceTree = "<group>";
		};
		B187DAAA204E317100F1E240 /* Subscribers */ = {
			isa = PBXGroup;
			children = (
				B187DAAD204E319D00F1E240 /* IndefiniteSubscriber.swift */,
				B187DAAF204E31AD00F1E240 /* SingleSubscriber.swift */,
				B16CC9242051EA47008410F0 /* DistinctSubscriber.swift */,
				B1E49C9620893B33005BE45A /* ColdSubscriber.swift */,
				B1E49C9820899BFC005BE45A /* CleanupSubscriber.swift */,
			);
			name = Subscribers;
			sourceTree = "<group>";
		};
		B1A144E5208E807A006FEF39 /* Disposables */ = {
			isa = PBXGroup;
			children = (
				B1A144E3208E8076006FEF39 /* DisposeBag.swift */,
				B1E49C9A20899D45005BE45A /* DisposableAction.swift */,
			);
			name = Disposables;
			sourceTree = "<group>";
		};
/* End PBXGroup section */

/* Begin PBXHeadersBuildPhase section */
		B1507A352026ABC8000AD2D0 /* Headers */ = {
			isa = PBXHeadersBuildPhase;
			buildActionMask = 2147483647;
			files = (
				B1507A492026ABC8000AD2D0 /* EventingLibrary.h in Headers */,
			);
			runOnlyForDeploymentPostprocessing = 0;
		};
/* End PBXHeadersBuildPhase section */

/* Begin PBXNativeTarget section */
		B1507A372026ABC8000AD2D0 /* EventingLibrary */ = {
			isa = PBXNativeTarget;
			buildConfigurationList = B1507A4C2026ABC8000AD2D0 /* Build configuration list for PBXNativeTarget "EventingLibrary" */;
			buildPhases = (
				B1507A332026ABC8000AD2D0 /* Sources */,
				B1507A342026ABC8000AD2D0 /* Frameworks */,
				B1507A352026ABC8000AD2D0 /* Headers */,
				B1507A362026ABC8000AD2D0 /* Resources */,
			);
			buildRules = (
			);
			dependencies = (
			);
			name = EventingLibrary;
			productName = EventingLibrary;
			productReference = B1507A382026ABC8000AD2D0 /* EventingLibrary.framework */;
			productType = "com.apple.product-type.framework";
		};
		B1507A402026ABC8000AD2D0 /* EventingLibraryTests */ = {
			isa = PBXNativeTarget;
			buildConfigurationList = B1507A4F2026ABC8000AD2D0 /* Build configuration list for PBXNativeTarget "EventingLibraryTests" */;
			buildPhases = (
				B1507A3D2026ABC8000AD2D0 /* Sources */,
				B1507A3E2026ABC8000AD2D0 /* Frameworks */,
				B1507A3F2026ABC8000AD2D0 /* Resources */,
			);
			buildRules = (
			);
			dependencies = (
				B1507A442026ABC8000AD2D0 /* PBXTargetDependency */,
			);
			name = EventingLibraryTests;
			productName = EventingLibraryTests;
			productReference = B1507A412026ABC8000AD2D0 /* EventingLibraryTests.xctest */;
			productType = "com.apple.product-type.bundle.unit-test";
		};
/* End PBXNativeTarget section */

/* Begin PBXProject section */
		B1507A2F2026ABC8000AD2D0 /* Project object */ = {
			isa = PBXProject;
			attributes = {
				LastSwiftUpdateCheck = 0920;
				LastUpgradeCheck = 0920;
				ORGANIZATIONNAME = mark.sands;
				TargetAttributes = {
					B1507A372026ABC8000AD2D0 = {
						CreatedOnToolsVersion = 9.2;
						LastSwiftMigration = 0920;
						ProvisioningStyle = Automatic;
					};
					B1507A402026ABC8000AD2D0 = {
						CreatedOnToolsVersion = 9.2;
						ProvisioningStyle = Automatic;
					};
				};
			};
			buildConfigurationList = B1507A322026ABC8000AD2D0 /* Build configuration list for PBXProject "EventingLibrary" */;
			compatibilityVersion = "Xcode 8.0";
			developmentRegion = en;
			hasScannedForEncodings = 0;
			knownRegions = (
				en,
			);
			mainGroup = B1507A2E2026ABC8000AD2D0;
			productRefGroup = B1507A392026ABC8000AD2D0 /* Products */;
			projectDirPath = "";
			projectRoot = "";
			targets = (
				B1507A372026ABC8000AD2D0 /* EventingLibrary */,
				B1507A402026ABC8000AD2D0 /* EventingLibraryTests */,
			);
		};
/* End PBXProject section */

/* Begin PBXResourcesBuildPhase section */
		B1507A362026ABC8000AD2D0 /* Resources */ = {
			isa = PBXResourcesBuildPhase;
			buildActionMask = 2147483647;
			files = (
			);
			runOnlyForDeploymentPostprocessing = 0;
		};
		B1507A3F2026ABC8000AD2D0 /* Resources */ = {
			isa = PBXResourcesBuildPhase;
			buildActionMask = 2147483647;
			files = (
				B1507A602026C918000AD2D0 /* LICENSE.md in Resources */,
			);
			runOnlyForDeploymentPostprocessing = 0;
		};
/* End PBXResourcesBuildPhase section */

/* Begin PBXSourcesBuildPhase section */
		B1507A332026ABC8000AD2D0 /* Sources */ = {
			isa = PBXSourcesBuildPhase;
			buildActionMask = 2147483647;
			files = (
				B17E03D12072BB5A00C6B1E7 /* Observable+Filter.swift in Sources */,
				B17E03C52072A3A000C6B1E7 /* Observable.swift in Sources */,
				B1F13F1A2149B14100B76711 /* Observable+Throttle.swift in Sources */,
				B1A144E9208E858B006FEF39 /* Observable+Debug.swift in Sources */,
				B1507A532026B132000AD2D0 /* Event.swift in Sources */,
				B187DAAE204E319D00F1E240 /* IndefiniteSubscriber.swift in Sources */,
				B1E49C9B20899D45005BE45A /* DisposableAction.swift in Sources */,
				B1E49C9920899BFC005BE45A /* CleanupSubscriber.swift in Sources */,
				B1507A592026C02F000AD2D0 /* Disposable.swift in Sources */,
				B16CC9252051EA47008410F0 /* DistinctSubscriber.swift in Sources */,
				B17E03CE2072A74D00C6B1E7 /* Observable+Combine.swift in Sources */,
				B1E49C9720893B33005BE45A /* ColdSubscriber.swift in Sources */,
				B17E03CC2072A74700C6B1E7 /* Observable+Merge.swift in Sources */,
				B1507A572026BE64000AD2D0 /* Notifier.swift in Sources */,
				B1A144E4208E8076006FEF39 /* DisposeBag.swift in Sources */,
				B187DAB0204E31AD00F1E240 /* SingleSubscriber.swift in Sources */,
				B17E03CA2072A74100C6B1E7 /* Observable+Map.swift in Sources */,
				B1507A6220275ADF000AD2D0 /* Subscriber.swift in Sources */,
			);
			runOnlyForDeploymentPostprocessing = 0;
		};
		B1507A3D2026ABC8000AD2D0 /* Sources */ = {
			isa = PBXSourcesBuildPhase;
			buildActionMask = 2147483647;
			files = (
				B17E03C72072A58400C6B1E7 /* ObservableTests.swift in Sources */,
				B1507A5D2026C34E000AD2D0 /* NotifierTests.swift in Sources */,
				B1507A472026ABC8000AD2D0 /* EventTests.swift in Sources */,
				B1507A5B2026C1F2000AD2D0 /* DisposableTests.swift in Sources */,
			);
			runOnlyForDeploymentPostprocessing = 0;
		};
/* End PBXSourcesBuildPhase section */

/* Begin PBXTargetDependency section */
		B1507A442026ABC8000AD2D0 /* PBXTargetDependency */ = {
			isa = PBXTargetDependency;
			target = B1507A372026ABC8000AD2D0 /* EventingLibrary */;
			targetProxy = B1507A432026ABC8000AD2D0 /* PBXContainerItemProxy */;
		};
/* End PBXTargetDependency section */

/* Begin XCBuildConfiguration section */
		B1507A4A2026ABC8000AD2D0 /* Debug */ = {
			isa = XCBuildConfiguration;
			buildSettings = {
				ALWAYS_SEARCH_USER_PATHS = NO;
				CLANG_ANALYZER_NONNULL = YES;
				CLANG_ANALYZER_NUMBER_OBJECT_CONVERSION = YES_AGGRESSIVE;
				CLANG_CXX_LANGUAGE_STANDARD = "gnu++14";
				CLANG_CXX_LIBRARY = "libc++";
				CLANG_ENABLE_MODULES = YES;
				CLANG_ENABLE_OBJC_ARC = YES;
				CLANG_WARN_BLOCK_CAPTURE_AUTORELEASING = YES;
				CLANG_WARN_BOOL_CONVERSION = YES;
				CLANG_WARN_COMMA = YES;
				CLANG_WARN_CONSTANT_CONVERSION = YES;
				CLANG_WARN_DIRECT_OBJC_ISA_USAGE = YES_ERROR;
				CLANG_WARN_DOCUMENTATION_COMMENTS = YES;
				CLANG_WARN_EMPTY_BODY = YES;
				CLANG_WARN_ENUM_CONVERSION = YES;
				CLANG_WARN_INFINITE_RECURSION = YES;
				CLANG_WARN_INT_CONVERSION = YES;
				CLANG_WARN_NON_LITERAL_NULL_CONVERSION = YES;
				CLANG_WARN_OBJC_LITERAL_CONVERSION = YES;
				CLANG_WARN_OBJC_ROOT_CLASS = YES_ERROR;
				CLANG_WARN_RANGE_LOOP_ANALYSIS = YES;
				CLANG_WARN_STRICT_PROTOTYPES = YES;
				CLANG_WARN_SUSPICIOUS_MOVE = YES;
				CLANG_WARN_UNGUARDED_AVAILABILITY = YES_AGGRESSIVE;
				CLANG_WARN_UNREACHABLE_CODE = YES;
				CLANG_WARN__DUPLICATE_METHOD_MATCH = YES;
				CODE_SIGN_IDENTITY = "iPhone Developer";
				COPY_PHASE_STRIP = NO;
				CURRENT_PROJECT_VERSION = 1;
				DEBUG_INFORMATION_FORMAT = dwarf;
				ENABLE_STRICT_OBJC_MSGSEND = YES;
				ENABLE_TESTABILITY = YES;
				GCC_C_LANGUAGE_STANDARD = gnu11;
				GCC_DYNAMIC_NO_PIC = NO;
				GCC_NO_COMMON_BLOCKS = YES;
				GCC_OPTIMIZATION_LEVEL = 0;
				GCC_PREPROCESSOR_DEFINITIONS = (
					"DEBUG=1",
					"$(inherited)",
				);
				GCC_WARN_64_TO_32_BIT_CONVERSION = YES;
				GCC_WARN_ABOUT_RETURN_TYPE = YES_ERROR;
				GCC_WARN_UNDECLARED_SELECTOR = YES;
				GCC_WARN_UNINITIALIZED_AUTOS = YES_AGGRESSIVE;
				GCC_WARN_UNUSED_FUNCTION = YES;
				GCC_WARN_UNUSED_VARIABLE = YES;
				IPHONEOS_DEPLOYMENT_TARGET = 11.2;
				MTL_ENABLE_DEBUG_INFO = YES;
				ONLY_ACTIVE_ARCH = YES;
				SDKROOT = iphoneos;
				SWIFT_ACTIVE_COMPILATION_CONDITIONS = DEBUG;
				SWIFT_OPTIMIZATION_LEVEL = "-Onone";
				VERSIONING_SYSTEM = "apple-generic";
				VERSION_INFO_PREFIX = "";
			};
			name = Debug;
		};
		B1507A4B2026ABC8000AD2D0 /* Release */ = {
			isa = XCBuildConfiguration;
			buildSettings = {
				ALWAYS_SEARCH_USER_PATHS = NO;
				CLANG_ANALYZER_NONNULL = YES;
				CLANG_ANALYZER_NUMBER_OBJECT_CONVERSION = YES_AGGRESSIVE;
				CLANG_CXX_LANGUAGE_STANDARD = "gnu++14";
				CLANG_CXX_LIBRARY = "libc++";
				CLANG_ENABLE_MODULES = YES;
				CLANG_ENABLE_OBJC_ARC = YES;
				CLANG_WARN_BLOCK_CAPTURE_AUTORELEASING = YES;
				CLANG_WARN_BOOL_CONVERSION = YES;
				CLANG_WARN_COMMA = YES;
				CLANG_WARN_CONSTANT_CONVERSION = YES;
				CLANG_WARN_DIRECT_OBJC_ISA_USAGE = YES_ERROR;
				CLANG_WARN_DOCUMENTATION_COMMENTS = YES;
				CLANG_WARN_EMPTY_BODY = YES;
				CLANG_WARN_ENUM_CONVERSION = YES;
				CLANG_WARN_INFINITE_RECURSION = YES;
				CLANG_WARN_INT_CONVERSION = YES;
				CLANG_WARN_NON_LITERAL_NULL_CONVERSION = YES;
				CLANG_WARN_OBJC_LITERAL_CONVERSION = YES;
				CLANG_WARN_OBJC_ROOT_CLASS = YES_ERROR;
				CLANG_WARN_RANGE_LOOP_ANALYSIS = YES;
				CLANG_WARN_STRICT_PROTOTYPES = YES;
				CLANG_WARN_SUSPICIOUS_MOVE = YES;
				CLANG_WARN_UNGUARDED_AVAILABILITY = YES_AGGRESSIVE;
				CLANG_WARN_UNREACHABLE_CODE = YES;
				CLANG_WARN__DUPLICATE_METHOD_MATCH = YES;
				CODE_SIGN_IDENTITY = "iPhone Developer";
				COPY_PHASE_STRIP = NO;
				CURRENT_PROJECT_VERSION = 1;
				DEBUG_INFORMATION_FORMAT = "dwarf-with-dsym";
				ENABLE_NS_ASSERTIONS = NO;
				ENABLE_STRICT_OBJC_MSGSEND = YES;
				GCC_C_LANGUAGE_STANDARD = gnu11;
				GCC_NO_COMMON_BLOCKS = YES;
				GCC_WARN_64_TO_32_BIT_CONVERSION = YES;
				GCC_WARN_ABOUT_RETURN_TYPE = YES_ERROR;
				GCC_WARN_UNDECLARED_SELECTOR = YES;
				GCC_WARN_UNINITIALIZED_AUTOS = YES_AGGRESSIVE;
				GCC_WARN_UNUSED_FUNCTION = YES;
				GCC_WARN_UNUSED_VARIABLE = YES;
				IPHONEOS_DEPLOYMENT_TARGET = 11.2;
				MTL_ENABLE_DEBUG_INFO = NO;
				SDKROOT = iphoneos;
				SWIFT_OPTIMIZATION_LEVEL = "-Owholemodule";
				VALIDATE_PRODUCT = YES;
				VERSIONING_SYSTEM = "apple-generic";
				VERSION_INFO_PREFIX = "";
			};
			name = Release;
		};
		B1507A4D2026ABC8000AD2D0 /* Debug */ = {
			isa = XCBuildConfiguration;
			buildSettings = {
				CLANG_ENABLE_MODULES = YES;
				CODE_SIGN_IDENTITY = "";
				CODE_SIGN_STYLE = Automatic;
				DEFINES_MODULE = YES;
				DYLIB_COMPATIBILITY_VERSION = 1;
				DYLIB_CURRENT_VERSION = 1;
				DYLIB_INSTALL_NAME_BASE = "@rpath";
				INFOPLIST_FILE = EventingLibrary/Info.plist;
				INSTALL_PATH = "$(LOCAL_LIBRARY_DIR)/Frameworks";
				IPHONEOS_DEPLOYMENT_TARGET = 8.0;
				LD_RUNPATH_SEARCH_PATHS = "$(inherited) @executable_path/Frameworks @loader_path/Frameworks";
				PRODUCT_BUNDLE_IDENTIFIER = com.marksands.EventingLibrary;
				PRODUCT_NAME = "$(TARGET_NAME:c99extidentifier)";
				SKIP_INSTALL = YES;
				SWIFT_OPTIMIZATION_LEVEL = "-Onone";
				SWIFT_VERSION = 4.0;
				TARGETED_DEVICE_FAMILY = "1,2";
			};
			name = Debug;
		};
		B1507A4E2026ABC8000AD2D0 /* Release */ = {
			isa = XCBuildConfiguration;
			buildSettings = {
				CLANG_ENABLE_MODULES = YES;
				CODE_SIGN_IDENTITY = "";
				CODE_SIGN_STYLE = Automatic;
				DEFINES_MODULE = YES;
				DYLIB_COMPATIBILITY_VERSION = 1;
				DYLIB_CURRENT_VERSION = 1;
				DYLIB_INSTALL_NAME_BASE = "@rpath";
				INFOPLIST_FILE = EventingLibrary/Info.plist;
				INSTALL_PATH = "$(LOCAL_LIBRARY_DIR)/Frameworks";
				IPHONEOS_DEPLOYMENT_TARGET = 8.0;
				LD_RUNPATH_SEARCH_PATHS = "$(inherited) @executable_path/Frameworks @loader_path/Frameworks";
				PRODUCT_BUNDLE_IDENTIFIER = com.marksands.EventingLibrary;
				PRODUCT_NAME = "$(TARGET_NAME:c99extidentifier)";
				SKIP_INSTALL = YES;
				SWIFT_VERSION = 4.0;
				TARGETED_DEVICE_FAMILY = "1,2";
			};
			name = Release;
		};
		B1507A502026ABC8000AD2D0 /* Debug */ = {
			isa = XCBuildConfiguration;
			buildSettings = {
				ALWAYS_EMBED_SWIFT_STANDARD_LIBRARIES = YES;
				CODE_SIGN_STYLE = Automatic;
				INFOPLIST_FILE = EventingLibraryTests/Info.plist;
				IPHONEOS_DEPLOYMENT_TARGET = 8.0;
				LD_RUNPATH_SEARCH_PATHS = "$(inherited) @executable_path/Frameworks @loader_path/Frameworks";
				PRODUCT_BUNDLE_IDENTIFIER = com.marksands.EventingLibraryTests;
				PRODUCT_NAME = "$(TARGET_NAME)";
				SWIFT_VERSION = 4.0;
				TARGETED_DEVICE_FAMILY = "1,2";
			};
			name = Debug;
		};
		B1507A512026ABC8000AD2D0 /* Release */ = {
			isa = XCBuildConfiguration;
			buildSettings = {
				ALWAYS_EMBED_SWIFT_STANDARD_LIBRARIES = YES;
				CODE_SIGN_STYLE = Automatic;
				INFOPLIST_FILE = EventingLibraryTests/Info.plist;
				IPHONEOS_DEPLOYMENT_TARGET = 8.0;
				LD_RUNPATH_SEARCH_PATHS = "$(inherited) @executable_path/Frameworks @loader_path/Frameworks";
				PRODUCT_BUNDLE_IDENTIFIER = com.marksands.EventingLibraryTests;
				PRODUCT_NAME = "$(TARGET_NAME)";
				SWIFT_VERSION = 4.0;
				TARGETED_DEVICE_FAMILY = "1,2";
			};
			name = Release;
		};
/* End XCBuildConfiguration section */

/* Begin XCConfigurationList section */
		B1507A322026ABC8000AD2D0 /* Build configuration list for PBXProject "EventingLibrary" */ = {
			isa = XCConfigurationList;
			buildConfigurations = (
				B1507A4A2026ABC8000AD2D0 /* Debug */,
				B1507A4B2026ABC8000AD2D0 /* Release */,
			);
			defaultConfigurationIsVisible = 0;
			defaultConfigurationName = Release;
		};
		B1507A4C2026ABC8000AD2D0 /* Build configuration list for PBXNativeTarget "EventingLibrary" */ = {
			isa = XCConfigurationList;
			buildConfigurations = (
				B1507A4D2026ABC8000AD2D0 /* Debug */,
				B1507A4E2026ABC8000AD2D0 /* Release */,
			);
			defaultConfigurationIsVisible = 0;
			defaultConfigurationName = Release;
		};
		B1507A4F2026ABC8000AD2D0 /* Build configuration list for PBXNativeTarget "EventingLibraryTests" */ = {
			isa = XCConfigurationList;
			buildConfigurations = (
				B1507A502026ABC8000AD2D0 /* Debug */,
				B1507A512026ABC8000AD2D0 /* Release */,
			);
			defaultConfigurationIsVisible = 0;
			defaultConfigurationName = Release;
		};
/* End XCConfigurationList section */
	};
	rootObject = B1507A2F2026ABC8000AD2D0 /* Project object */;
}
